
Microsoft Visual Studio Solution File, Format Version 12.00
# Visual Studio Version 17
VisualStudioVersion = 17.2.32616.157
MinimumVisualStudioVersion = 10.0.40219.1
Project("{FAE04EC0-301F-11D3-BF4B-00C04F79EFBC}") = "Inventory", "Inventory\Inventory.csproj", "{E0C5B7CA-CC59-42C1-AD35-C38A3A87580F}"
EndProject
Project("{2150E333-8FDC-42A3-9474-1A3956D46DE8}") = "Solution Items", "Solution Items", "{38578128-2BB5-4FAA-AF75-F0D93499C6E1}"
	ProjectSection(SolutionItems) = preProject
		.editorconfig = .editorconfig
	EndProjectSection
EndProject
Global
	GlobalSection(SolutionConfigurationPlatforms) = preSolution
		Debug|Any CPU = Debug|Any CPU
		Release|Any CPU = Release|Any CPU
	EndGlobalSection
	GlobalSection(ProjectConfigurationPlatforms) = postSolution
		{E0C5B7CA-CC59-42C1-AD35-C38A3A87580F}.Debug|Any CPU.ActiveCfg = Debug|Any CPU
		{E0C5B7CA-CC59-42C1-AD35-C38A3A87580F}.Debug|Any CPU.Build.0 = Debug|Any CPU
		{E0C5B7CA-CC59-42C1-AD35-C38A3A87580F}.Release|Any CPU.ActiveCfg = Release|Any CPU
		{E0C5B7CA-CC59-42C1-AD35-C38A3A87580F}.Release|Any CPU.Build.0 = Release|Any CPU
	EndGlobalSection
	GlobalSection(SolutionProperties) = preSolution
		HideSolutionNode = FALSE
	EndGlobalSection
	GlobalSection(ExtensibilityGlobals) = postSolution
		SolutionGuid = {4423A2F7-2F6D-45EE-AAB6-F4DF5D672CBB}
	EndGlobalSection
EndGlobal
